
Microsoft Visual Studio Solution File, Format Version 12.00
# Visual Studio Version 17
VisualStudioVersion = 17.5.33516.290
MinimumVisualStudioVersion = 10.0.40219.1
Project("{FAE04EC0-301F-11D3-BF4B-00C04F79EFBC}") = "001_HelloWorld", "_001_HelloWorld\001_HelloWorld.csproj", "{6C78B5EC-FE77-4816-898B-1394A252DCF2}"
EndProject
Project("{FAE04EC0-301F-11D3-BF4B-00C04F79EFBC}") = "002_HelloWorld2", "002_HelloWorld2\002_HelloWorld2.csproj", "{6577A575-0245-425F-A1B4-B941FB1515E2}"
EndProject
Project("{FAE04EC0-301F-11D3-BF4B-00C04F79EFBC}") = "003_HelloWorld3", "003_HelloWorld3\003_HelloWorld3.csproj", "{919FBFA5-E922-4A68-8F8B-5822BA2B774A}"
EndProject
Project("{FAE04EC0-301F-11D3-BF4B-00C04F79EFBC}") = "004_Check", "004_Check\004_Check.csproj", "{5B3A278F-9AAC-43BD-8616-ABAA600AD5D9}"
EndProject
Project("{FAE04EC0-301F-11D3-BF4B-00C04F79EFBC}") = "005_Check", "005_Check\005_Check.csproj", "{EDE6E5CE-89C2-4EB4-82BA-8182D1DDB3C0}"
EndProject
Project("{FAE04EC0-301F-11D3-BF4B-00C04F79EFBC}") = "006_Variable", "006_Variable\006_Variable.csproj", "{91D85A05-B69A-4EFB-B0CE-6A7AB4E0714C}"
EndProject
Project("{2150E333-8FDC-42A3-9474-1A3956D46DE8}") = "1. 맛보기", "1. 맛보기", "{ADD877AF-33CA-401B-A6CE-7CFD975D04FA}"
EndProject
Project("{2150E333-8FDC-42A3-9474-1A3956D46DE8}") = "2. 데이터", "2. 데이터", "{BA1AD3AD-4B1B-49B2-B97B-1D8F9EC5D9B3}"
EndProject
Project("{FAE04EC0-301F-11D3-BF4B-00C04F79EFBC}") = "007_Variable2", "007_Variable2\007_Variable2.csproj", "{8201A638-C201-4C60-8D90-B91100DB78B5}"
EndProject
Project("{FAE04EC0-301F-11D3-BF4B-00C04F79EFBC}") = "008_Data1", "008_Data1\008_Data1.csproj", "{7E42E3B2-14CC-4182-9CDE-5884E47FE527}"
EndProject
Project("{FAE04EC0-301F-11D3-BF4B-00C04F79EFBC}") = "009_Data2", "009_Data2\009_Data2.csproj", "{F604A07A-713E-4F92-95D3-EC2ED930B72D}"
EndProject
Project("{FAE04EC0-301F-11D3-BF4B-00C04F79EFBC}") = "010_Data3", "010_Data3\010_Data3.csproj", "{71EBFD75-035E-44F7-A957-A8DD33DC335C}"
EndProject
Project("{FAE04EC0-301F-11D3-BF4B-00C04F79EFBC}") = "011_Data4", "011_Data4\011_Data4.csproj", "{FA4CE7D7-A40D-4B85-A260-63F0D702F818}"
EndProject
Project("{FAE04EC0-301F-11D3-BF4B-00C04F79EFBC}") = "012_Data5", "012_Data5\012_Data5.csproj", "{19089164-CABF-47D1-A276-D3AD6E5CC6AD}"
EndProject
Project("{FAE04EC0-301F-11D3-BF4B-00C04F79EFBC}") = "013_Data6", "013_Data6\013_Data6.csproj", "{F29661AC-98DF-465B-A3A5-4937B37F8B8D}"
EndProject
Project("{FAE04EC0-301F-11D3-BF4B-00C04F79EFBC}") = "014_Data7", "014_Data7\014_Data7.csproj", "{5E9766D8-7EB5-4ED0-A8EA-9E738ED74AD8}"
EndProject
Project("{FAE04EC0-301F-11D3-BF4B-00C04F79EFBC}") = "015_Data8", "015_Data8\015_Data8.csproj", "{3C527E95-F95C-404E-82DF-5BB130C4F8EC}"
EndProject
Project("{FAE04EC0-301F-11D3-BF4B-00C04F79EFBC}") = "016_String", "016_Data9\016_String.csproj", "{7CF17B02-03DE-4EBE-A1B8-B9279CF6FE0A}"
EndProject
Project("{FAE04EC0-301F-11D3-BF4B-00C04F79EFBC}") = "017_Data_bool", "017_Data_bool\017_Data_bool.csproj", "{A5DEA661-744C-49F0-BE4C-4D3BE1E6E7E7}"
EndProject
Global
	GlobalSection(SolutionConfigurationPlatforms) = preSolution
		Debug|Any CPU = Debug|Any CPU
		Release|Any CPU = Release|Any CPU
	EndGlobalSection
	GlobalSection(ProjectConfigurationPlatforms) = postSolution
		{6C78B5EC-FE77-4816-898B-1394A252DCF2}.Debug|Any CPU.ActiveCfg = Debug|Any CPU
		{6C78B5EC-FE77-4816-898B-1394A252DCF2}.Debug|Any CPU.Build.0 = Debug|Any CPU
		{6C78B5EC-FE77-4816-898B-1394A252DCF2}.Release|Any CPU.ActiveCfg = Release|Any CPU
		{6C78B5EC-FE77-4816-898B-1394A252DCF2}.Release|Any CPU.Build.0 = Release|Any CPU
		{6577A575-0245-425F-A1B4-B941FB1515E2}.Debug|Any CPU.ActiveCfg = Debug|Any CPU
		{6577A575-0245-425F-A1B4-B941FB1515E2}.Debug|Any CPU.Build.0 = Debug|Any CPU
		{6577A575-0245-425F-A1B4-B941FB1515E2}.Release|Any CPU.ActiveCfg = Release|Any CPU
		{6577A575-0245-425F-A1B4-B941FB1515E2}.Release|Any CPU.Build.0 = Release|Any CPU
		{919FBFA5-E922-4A68-8F8B-5822BA2B774A}.Debug|Any CPU.ActiveCfg = Debug|Any CPU
		{919FBFA5-E922-4A68-8F8B-5822BA2B774A}.Debug|Any CPU.Build.0 = Debug|Any CPU
		{919FBFA5-E922-4A68-8F8B-5822BA2B774A}.Release|Any CPU.ActiveCfg = Release|Any CPU
		{919FBFA5-E922-4A68-8F8B-5822BA2B774A}.Release|Any CPU.Build.0 = Release|Any CPU
		{5B3A278F-9AAC-43BD-8616-ABAA600AD5D9}.Debug|Any CPU.ActiveCfg = Debug|Any CPU
		{5B3A278F-9AAC-43BD-8616-ABAA600AD5D9}.Debug|Any CPU.Build.0 = Debug|Any CPU
		{5B3A278F-9AAC-43BD-8616-ABAA600AD5D9}.Release|Any CPU.ActiveCfg = Release|Any CPU
		{5B3A278F-9AAC-43BD-8616-ABAA600AD5D9}.Release|Any CPU.Build.0 = Release|Any CPU
		{EDE6E5CE-89C2-4EB4-82BA-8182D1DDB3C0}.Debug|Any CPU.ActiveCfg = Debug|Any CPU
		{EDE6E5CE-89C2-4EB4-82BA-8182D1DDB3C0}.Debug|Any CPU.Build.0 = Debug|Any CPU
		{EDE6E5CE-89C2-4EB4-82BA-8182D1DDB3C0}.Release|Any CPU.ActiveCfg = Release|Any CPU
		{EDE6E5CE-89C2-4EB4-82BA-8182D1DDB3C0}.Release|Any CPU.Build.0 = Release|Any CPU
		{91D85A05-B69A-4EFB-B0CE-6A7AB4E0714C}.Debug|Any CPU.ActiveCfg = Debug|Any CPU
		{91D85A05-B69A-4EFB-B0CE-6A7AB4E0714C}.Debug|Any CPU.Build.0 = Debug|Any CPU
		{91D85A05-B69A-4EFB-B0CE-6A7AB4E0714C}.Release|Any CPU.ActiveCfg = Release|Any CPU
		{91D85A05-B69A-4EFB-B0CE-6A7AB4E0714C}.Release|Any CPU.Build.0 = Release|Any CPU
		{8201A638-C201-4C60-8D90-B91100DB78B5}.Debug|Any CPU.ActiveCfg = Debug|Any CPU
		{8201A638-C201-4C60-8D90-B91100DB78B5}.Debug|Any CPU.Build.0 = Debug|Any CPU
		{8201A638-C201-4C60-8D90-B91100DB78B5}.Release|Any CPU.ActiveCfg = Release|Any CPU
		{8201A638-C201-4C60-8D90-B91100DB78B5}.Release|Any CPU.Build.0 = Release|Any CPU
		{7E42E3B2-14CC-4182-9CDE-5884E47FE527}.Debug|Any CPU.ActiveCfg = Debug|Any CPU
		{7E42E3B2-14CC-4182-9CDE-5884E47FE527}.Debug|Any CPU.Build.0 = Debug|Any CPU
		{7E42E3B2-14CC-4182-9CDE-5884E47FE527}.Release|Any CPU.ActiveCfg = Release|Any CPU
		{7E42E3B2-14CC-4182-9CDE-5884E47FE527}.Release|Any CPU.Build.0 = Release|Any CPU
		{F604A07A-713E-4F92-95D3-EC2ED930B72D}.Debug|Any CPU.ActiveCfg = Debug|Any CPU
		{F604A07A-713E-4F92-95D3-EC2ED930B72D}.Debug|Any CPU.Build.0 = Debug|Any CPU
		{F604A07A-713E-4F92-95D3-EC2ED930B72D}.Release|Any CPU.ActiveCfg = Release|Any CPU
		{F604A07A-713E-4F92-95D3-EC2ED930B72D}.Release|Any CPU.Build.0 = Release|Any CPU
		{71EBFD75-035E-44F7-A957-A8DD33DC335C}.Debug|Any CPU.ActiveCfg = Debug|Any CPU
		{71EBFD75-035E-44F7-A957-A8DD33DC335C}.Debug|Any CPU.Build.0 = Debug|Any CPU
		{71EBFD75-035E-44F7-A957-A8DD33DC335C}.Release|Any CPU.ActiveCfg = Release|Any CPU
		{71EBFD75-035E-44F7-A957-A8DD33DC335C}.Release|Any CPU.Build.0 = Release|Any CPU
		{FA4CE7D7-A40D-4B85-A260-63F0D702F818}.Debug|Any CPU.ActiveCfg = Debug|Any CPU
		{FA4CE7D7-A40D-4B85-A260-63F0D702F818}.Debug|Any CPU.Build.0 = Debug|Any CPU
		{FA4CE7D7-A40D-4B85-A260-63F0D702F818}.Release|Any CPU.ActiveCfg = Release|Any CPU
		{FA4CE7D7-A40D-4B85-A260-63F0D702F818}.Release|Any CPU.Build.0 = Release|Any CPU
		{19089164-CABF-47D1-A276-D3AD6E5CC6AD}.Debug|Any CPU.ActiveCfg = Debug|Any CPU
		{19089164-CABF-47D1-A276-D3AD6E5CC6AD}.Debug|Any CPU.Build.0 = Debug|Any CPU
		{19089164-CABF-47D1-A276-D3AD6E5CC6AD}.Release|Any CPU.ActiveCfg = Release|Any CPU
		{19089164-CABF-47D1-A276-D3AD6E5CC6AD}.Release|Any CPU.Build.0 = Release|Any CPU
		{F29661AC-98DF-465B-A3A5-4937B37F8B8D}.Debug|Any CPU.ActiveCfg = Debug|Any CPU
		{F29661AC-98DF-465B-A3A5-4937B37F8B8D}.Debug|Any CPU.Build.0 = Debug|Any CPU
		{F29661AC-98DF-465B-A3A5-4937B37F8B8D}.Release|Any CPU.ActiveCfg = Release|Any CPU
		{F29661AC-98DF-465B-A3A5-4937B37F8B8D}.Release|Any CPU.Build.0 = Release|Any CPU
		{5E9766D8-7EB5-4ED0-A8EA-9E738ED74AD8}.Debug|Any CPU.ActiveCfg = Debug|Any CPU
		{5E9766D8-7EB5-4ED0-A8EA-9E738ED74AD8}.Debug|Any CPU.Build.0 = Debug|Any CPU
		{5E9766D8-7EB5-4ED0-A8EA-9E738ED74AD8}.Release|Any CPU.ActiveCfg = Release|Any CPU
		{5E9766D8-7EB5-4ED0-A8EA-9E738ED74AD8}.Release|Any CPU.Build.0 = Release|Any CPU
		{3C527E95-F95C-404E-82DF-5BB130C4F8EC}.Debug|Any CPU.ActiveCfg = Debug|Any CPU
		{3C527E95-F95C-404E-82DF-5BB130C4F8EC}.Debug|Any CPU.Build.0 = Debug|Any CPU
		{3C527E95-F95C-404E-82DF-5BB130C4F8EC}.Release|Any CPU.ActiveCfg = Release|Any CPU
		{3C527E95-F95C-404E-82DF-5BB130C4F8EC}.Release|Any CPU.Build.0 = Release|Any CPU
		{7CF17B02-03DE-4EBE-A1B8-B9279CF6FE0A}.Debug|Any CPU.ActiveCfg = Debug|Any CPU
		{7CF17B02-03DE-4EBE-A1B8-B9279CF6FE0A}.Debug|Any CPU.Build.0 = Debug|Any CPU
		{7CF17B02-03DE-4EBE-A1B8-B9279CF6FE0A}.Release|Any CPU.ActiveCfg = Release|Any CPU
		{7CF17B02-03DE-4EBE-A1B8-B9279CF6FE0A}.Release|Any CPU.Build.0 = Release|Any CPU
		{A5DEA661-744C-49F0-BE4C-4D3BE1E6E7E7}.Debug|Any CPU.ActiveCfg = Debug|Any CPU
		{A5DEA661-744C-49F0-BE4C-4D3BE1E6E7E7}.Debug|Any CPU.Build.0 = Debug|Any CPU
		{A5DEA661-744C-49F0-BE4C-4D3BE1E6E7E7}.Release|Any CPU.ActiveCfg = Release|Any CPU
		{A5DEA661-744C-49F0-BE4C-4D3BE1E6E7E7}.Release|Any CPU.Build.0 = Release|Any CPU
	EndGlobalSection
	GlobalSection(SolutionProperties) = preSolution
		HideSolutionNode = FALSE
	EndGlobalSection
	GlobalSection(NestedProjects) = preSolution
		{6C78B5EC-FE77-4816-898B-1394A252DCF2} = {ADD877AF-33CA-401B-A6CE-7CFD975D04FA}
		{6577A575-0245-425F-A1B4-B941FB1515E2} = {ADD877AF-33CA-401B-A6CE-7CFD975D04FA}
		{919FBFA5-E922-4A68-8F8B-5822BA2B774A} = {ADD877AF-33CA-401B-A6CE-7CFD975D04FA}
		{5B3A278F-9AAC-43BD-8616-ABAA600AD5D9} = {ADD877AF-33CA-401B-A6CE-7CFD975D04FA}
		{EDE6E5CE-89C2-4EB4-82BA-8182D1DDB3C0} = {ADD877AF-33CA-401B-A6CE-7CFD975D04FA}
		{91D85A05-B69A-4EFB-B0CE-6A7AB4E0714C} = {BA1AD3AD-4B1B-49B2-B97B-1D8F9EC5D9B3}
		{8201A638-C201-4C60-8D90-B91100DB78B5} = {BA1AD3AD-4B1B-49B2-B97B-1D8F9EC5D9B3}
		{7E42E3B2-14CC-4182-9CDE-5884E47FE527} = {BA1AD3AD-4B1B-49B2-B97B-1D8F9EC5D9B3}
		{F604A07A-713E-4F92-95D3-EC2ED930B72D} = {BA1AD3AD-4B1B-49B2-B97B-1D8F9EC5D9B3}
		{71EBFD75-035E-44F7-A957-A8DD33DC335C} = {BA1AD3AD-4B1B-49B2-B97B-1D8F9EC5D9B3}
		{FA4CE7D7-A40D-4B85-A260-63F0D702F818} = {BA1AD3AD-4B1B-49B2-B97B-1D8F9EC5D9B3}
		{19089164-CABF-47D1-A276-D3AD6E5CC6AD} = {BA1AD3AD-4B1B-49B2-B97B-1D8F9EC5D9B3}
		{F29661AC-98DF-465B-A3A5-4937B37F8B8D} = {BA1AD3AD-4B1B-49B2-B97B-1D8F9EC5D9B3}
		{5E9766D8-7EB5-4ED0-A8EA-9E738ED74AD8} = {BA1AD3AD-4B1B-49B2-B97B-1D8F9EC5D9B3}
		{3C527E95-F95C-404E-82DF-5BB130C4F8EC} = {BA1AD3AD-4B1B-49B2-B97B-1D8F9EC5D9B3}
		{7CF17B02-03DE-4EBE-A1B8-B9279CF6FE0A} = {BA1AD3AD-4B1B-49B2-B97B-1D8F9EC5D9B3}
		{A5DEA661-744C-49F0-BE4C-4D3BE1E6E7E7} = {BA1AD3AD-4B1B-49B2-B97B-1D8F9EC5D9B3}
	EndGlobalSection
	GlobalSection(ExtensibilityGlobals) = postSolution
		SolutionGuid = {E8D6646F-ACC6-479E-AE8B-D85A0C289494}
	EndGlobalSection
EndGlobal
